// !$*UTF8*$!
{
	archiveVersion = 1;
	classes = {
	};
	objectVersion = 56;
	objects = {

/* Begin PBXBuildFile section */
		ED0422CB2963074B001BC55C /* AppDelegate.swift in Sources */ = {isa = PBXBuildFile; fileRef = ED0422CA2963074B001BC55C /* AppDelegate.swift */; };
		ED0422CD2963074B001BC55C /* SceneDelegate.swift in Sources */ = {isa = PBXBuildFile; fileRef = ED0422CC2963074B001BC55C /* SceneDelegate.swift */; };
		ED0422CF2963074B001BC55C /* ViewController.swift in Sources */ = {isa = PBXBuildFile; fileRef = ED0422CE2963074B001BC55C /* ViewController.swift */; };
		ED0422D22963074B001BC55C /* Main.storyboard in Resources */ = {isa = PBXBuildFile; fileRef = ED0422D02963074B001BC55C /* Main.storyboard */; };
		ED0422D42963074C001BC55C /* Assets.xcassets in Resources */ = {isa = PBXBuildFile; fileRef = ED0422D32963074C001BC55C /* Assets.xcassets */; };
		ED0422D72963074C001BC55C /* LaunchScreen.storyboard in Resources */ = {isa = PBXBuildFile; fileRef = ED0422D52963074C001BC55C /* LaunchScreen.storyboard */; };
		ED0422DF2963213C001BC55C /* InformationViewController.swift in Sources */ = {isa = PBXBuildFile; fileRef = ED0422DE2963213C001BC55C /* InformationViewController.swift */; };
		EDBED3FA296476C200A73C54 /* LoginView.swift in Sources */ = {isa = PBXBuildFile; fileRef = EDBED3F9296476C200A73C54 /* LoginView.swift */; };
		EDBED3FC29647A4200A73C54 /* UserInformation.swift in Sources */ = {isa = PBXBuildFile; fileRef = EDBED3FB29647A4200A73C54 /* UserInformation.swift */; };
		FCA0ED272964C7E100B144EB /* LoginPresenter.swift in Sources */ = {isa = PBXBuildFile; fileRef = FCA0ED262964C7E100B144EB /* LoginPresenter.swift */; };
		FCA0ED292964CA9E00B144EB /* LoginPresenterConcrete.swift in Sources */ = {isa = PBXBuildFile; fileRef = FCA0ED282964CA9E00B144EB /* LoginPresenterConcrete.swift */; };
/* End PBXBuildFile section */

/* Begin PBXFileReference section */
		ED0422C72963074B001BC55C /* LoginCustomizavel.app */ = {isa = PBXFileReference; explicitFileType = wrapper.application; includeInIndex = 0; path = LoginCustomizavel.app; sourceTree = BUILT_PRODUCTS_DIR; };
		ED0422CA2963074B001BC55C /* AppDelegate.swift */ = {isa = PBXFileReference; lastKnownFileType = sourcecode.swift; path = AppDelegate.swift; sourceTree = "<group>"; };
		ED0422CC2963074B001BC55C /* SceneDelegate.swift */ = {isa = PBXFileReference; lastKnownFileType = sourcecode.swift; path = SceneDelegate.swift; sourceTree = "<group>"; };
		ED0422CE2963074B001BC55C /* ViewController.swift */ = {isa = PBXFileReference; lastKnownFileType = sourcecode.swift; path = ViewController.swift; sourceTree = "<group>"; };
		ED0422D12963074B001BC55C /* Base */ = {isa = PBXFileReference; lastKnownFileType = file.storyboard; name = Base; path = Base.lproj/Main.storyboard; sourceTree = "<group>"; };
		ED0422D32963074C001BC55C /* Assets.xcassets */ = {isa = PBXFileReference; lastKnownFileType = folder.assetcatalog; path = Assets.xcassets; sourceTree = "<group>"; };
		ED0422D62963074C001BC55C /* Base */ = {isa = PBXFileReference; lastKnownFileType = file.storyboard; name = Base; path = Base.lproj/LaunchScreen.storyboard; sourceTree = "<group>"; };
		ED0422D82963074C001BC55C /* Info.plist */ = {isa = PBXFileReference; lastKnownFileType = text.plist.xml; path = Info.plist; sourceTree = "<group>"; };
		ED0422DE2963213C001BC55C /* InformationViewController.swift */ = {isa = PBXFileReference; lastKnownFileType = sourcecode.swift; path = InformationViewController.swift; sourceTree = "<group>"; };
		EDBED3F9296476C200A73C54 /* LoginView.swift */ = {isa = PBXFileReference; lastKnownFileType = sourcecode.swift; path = LoginView.swift; sourceTree = "<group>"; };
		EDBED3FB29647A4200A73C54 /* UserInformation.swift */ = {isa = PBXFileReference; lastKnownFileType = sourcecode.swift; path = UserInformation.swift; sourceTree = "<group>"; };
		FCA0ED262964C7E100B144EB /* LoginPresenter.swift */ = {isa = PBXFileReference; lastKnownFileType = sourcecode.swift; path = LoginPresenter.swift; sourceTree = "<group>"; };
		FCA0ED282964CA9E00B144EB /* LoginPresenterConcrete.swift */ = {isa = PBXFileReference; lastKnownFileType = sourcecode.swift; path = LoginPresenterConcrete.swift; sourceTree = "<group>"; };
/* End PBXFileReference section */

/* Begin PBXFrameworksBuildPhase section */
		ED0422C42963074B001BC55C /* Frameworks */ = {
			isa = PBXFrameworksBuildPhase;
			buildActionMask = 2147483647;
			files = (
			);
			runOnlyForDeploymentPostprocessing = 0;
		};
/* End PBXFrameworksBuildPhase section */

/* Begin PBXGroup section */
		ED0422BE2963074B001BC55C = {
			isa = PBXGroup;
			children = (
				ED0422C92963074B001BC55C /* LoginCustomizavel */,
				ED0422C82963074B001BC55C /* Products */,
			);
			sourceTree = "<group>";
		};
		ED0422C82963074B001BC55C /* Products */ = {
			isa = PBXGroup;
			children = (
				ED0422C72963074B001BC55C /* LoginCustomizavel.app */,
			);
			name = Products;
			sourceTree = "<group>";
		};
		ED0422C92963074B001BC55C /* LoginCustomizavel */ = {
			isa = PBXGroup;
			children = (
				EDBED3F42964766100A73C54 /* Scene */,
				ED0422CA2963074B001BC55C /* AppDelegate.swift */,
				ED0422CC2963074B001BC55C /* SceneDelegate.swift */,
				ED0422DE2963213C001BC55C /* InformationViewController.swift */,
				ED0422D02963074B001BC55C /* Main.storyboard */,
				ED0422D32963074C001BC55C /* Assets.xcassets */,
				ED0422D52963074C001BC55C /* LaunchScreen.storyboard */,
				ED0422D82963074C001BC55C /* Info.plist */,
			);
			path = LoginCustomizavel;
			sourceTree = "<group>";
		};
		EDBED3F42964766100A73C54 /* Scene */ = {
			isa = PBXGroup;
			children = (
				EDBED3F52964766A00A73C54 /* Login */,
			);
			path = Scene;
			sourceTree = "<group>";
		};
		EDBED3F52964766A00A73C54 /* Login */ = {
			isa = PBXGroup;
			children = (
				FCA0ED242964C79500B144EB /* Presenter  */,
				EDBED3F72964767700A73C54 /* View */,
				EDBED3F62964767200A73C54 /* Model */,
			);
			path = Login;
			sourceTree = "<group>";
		};
		EDBED3F62964767200A73C54 /* Model */ = {
			isa = PBXGroup;
			children = (
				EDBED3FB29647A4200A73C54 /* UserInformation.swift */,
			);
			path = Model;
			sourceTree = "<group>";
		};
		EDBED3F72964767700A73C54 /* View */ = {
			isa = PBXGroup;
			children = (
				ED0422CE2963074B001BC55C /* ViewController.swift */,
				EDBED3F9296476C200A73C54 /* LoginView.swift */,
			);
			path = View;
			sourceTree = "<group>";
		};
		FCA0ED242964C79500B144EB /* Presenter  */ = {
			isa = PBXGroup;
			children = (
				FCA0ED252964C7AD00B144EB /* Concrete */,
				FCA0ED262964C7E100B144EB /* LoginPresenter.swift */,
			);
			path = "Presenter ";
			sourceTree = "<group>";
		};
		FCA0ED252964C7AD00B144EB /* Concrete */ = {
			isa = PBXGroup;
			children = (
				FCA0ED282964CA9E00B144EB /* LoginPresenterConcrete.swift */,
			);
			path = Concrete;
			sourceTree = "<group>";
		};
/* End PBXGroup section */

/* Begin PBXNativeTarget section */
		ED0422C62963074B001BC55C /* LoginCustomizavel */ = {
			isa = PBXNativeTarget;
			buildConfigurationList = ED0422DB2963074C001BC55C /* Build configuration list for PBXNativeTarget "LoginCustomizavel" */;
			buildPhases = (
				ED0422C32963074B001BC55C /* Sources */,
				ED0422C42963074B001BC55C /* Frameworks */,
				ED0422C52963074B001BC55C /* Resources */,
			);
			buildRules = (
			);
			dependencies = (
			);
			name = LoginCustomizavel;
			productName = LoginCustomizavel;
			productReference = ED0422C72963074B001BC55C /* LoginCustomizavel.app */;
			productType = "com.apple.product-type.application";
		};
/* End PBXNativeTarget section */

/* Begin PBXProject section */
		ED0422BF2963074B001BC55C /* Project object */ = {
			isa = PBXProject;
			attributes = {
				BuildIndependentTargetsInParallel = 1;
				LastSwiftUpdateCheck = 1420;
				LastUpgradeCheck = 1420;
				TargetAttributes = {
					ED0422C62963074B001BC55C = {
						CreatedOnToolsVersion = 14.2;
					};
				};
			};
			buildConfigurationList = ED0422C22963074B001BC55C /* Build configuration list for PBXProject "LoginCustomizavel" */;
			compatibilityVersion = "Xcode 14.0";
			developmentRegion = en;
			hasScannedForEncodings = 0;
			knownRegions = (
				en,
				Base,
			);
			mainGroup = ED0422BE2963074B001BC55C;
			productRefGroup = ED0422C82963074B001BC55C /* Products */;
			projectDirPath = "";
			projectRoot = "";
			targets = (
				ED0422C62963074B001BC55C /* LoginCustomizavel */,
			);
		};
/* End PBXProject section */

/* Begin PBXResourcesBuildPhase section */
		ED0422C52963074B001BC55C /* Resources */ = {
			isa = PBXResourcesBuildPhase;
			buildActionMask = 2147483647;
			files = (
				ED0422D72963074C001BC55C /* LaunchScreen.storyboard in Resources */,
				ED0422D42963074C001BC55C /* Assets.xcassets in Resources */,
				ED0422D22963074B001BC55C /* Main.storyboard in Resources */,
			);
			runOnlyForDeploymentPostprocessing = 0;
		};
/* End PBXResourcesBuildPhase section */

/* Begin PBXSourcesBuildPhase section */
		ED0422C32963074B001BC55C /* Sources */ = {
			isa = PBXSourcesBuildPhase;
			buildActionMask = 2147483647;
			files = (
				ED0422CF2963074B001BC55C /* ViewController.swift in Sources */,
				EDBED3FC29647A4200A73C54 /* UserInformation.swift in Sources */,
				FCA0ED272964C7E100B144EB /* LoginPresenter.swift in Sources */,
				FCA0ED292964CA9E00B144EB /* LoginPresenterConcrete.swift in Sources */,
				ED0422CB2963074B001BC55C /* AppDelegate.swift in Sources */,
				ED0422CD2963074B001BC55C /* SceneDelegate.swift in Sources */,
				EDBED3FA296476C200A73C54 /* LoginView.swift in Sources */,
				ED0422DF2963213C001BC55C /* InformationViewController.swift in Sources */,
			);
			runOnlyForDeploymentPostprocessing = 0;
		};
/* End PBXSourcesBuildPhase section */

/* Begin PBXVariantGroup section */
		ED0422D02963074B001BC55C /* Main.storyboard */ = {
			isa = PBXVariantGroup;
			children = (
				ED0422D12963074B001BC55C /* Base */,
			);
			name = Main.storyboard;
			sourceTree = "<group>";
		};
		ED0422D52963074C001BC55C /* LaunchScreen.storyboard */ = {
			isa = PBXVariantGroup;
			children = (
				ED0422D62963074C001BC55C /* Base */,
			);
			name = LaunchScreen.storyboard;
			sourceTree = "<group>";
		};
/* End PBXVariantGroup section */

/* Begin XCBuildConfiguration section */
		ED0422D92963074C001BC55C /* Debug */ = {
			isa = XCBuildConfiguration;
			buildSettings = {
				ALWAYS_SEARCH_USER_PATHS = NO;
				CLANG_ANALYZER_NONNULL = YES;
				CLANG_ANALYZER_NUMBER_OBJECT_CONVERSION = YES_AGGRESSIVE;
				CLANG_CXX_LANGUAGE_STANDARD = "gnu++20";
				CLANG_ENABLE_MODULES = YES;
				CLANG_ENABLE_OBJC_ARC = YES;
				CLANG_ENABLE_OBJC_WEAK = YES;
				CLANG_WARN_BLOCK_CAPTURE_AUTORELEASING = YES;
				CLANG_WARN_BOOL_CONVERSION = YES;
				CLANG_WARN_COMMA = YES;
				CLANG_WARN_CONSTANT_CONVERSION = YES;
				CLANG_WARN_DEPRECATED_OBJC_IMPLEMENTATIONS = YES;
				CLANG_WARN_DIRECT_OBJC_ISA_USAGE = YES_ERROR;
				CLANG_WARN_DOCUMENTATION_COMMENTS = YES;
				CLANG_WARN_EMPTY_BODY = YES;
				CLANG_WARN_ENUM_CONVERSION = YES;
				CLANG_WARN_INFINITE_RECURSION = YES;
				CLANG_WARN_INT_CONVERSION = YES;
				CLANG_WARN_NON_LITERAL_NULL_CONVERSION = YES;
				CLANG_WARN_OBJC_IMPLICIT_RETAIN_SELF = YES;
				CLANG_WARN_OBJC_LITERAL_CONVERSION = YES;
				CLANG_WARN_OBJC_ROOT_CLASS = YES_ERROR;
				CLANG_WARN_QUOTED_INCLUDE_IN_FRAMEWORK_HEADER = YES;
				CLANG_WARN_RANGE_LOOP_ANALYSIS = YES;
				CLANG_WARN_STRICT_PROTOTYPES = YES;
				CLANG_WARN_SUSPICIOUS_MOVE = YES;
				CLANG_WARN_UNGUARDED_AVAILABILITY = YES_AGGRESSIVE;
				CLANG_WARN_UNREACHABLE_CODE = YES;
				CLANG_WARN__DUPLICATE_METHOD_MATCH = YES;
				COPY_PHASE_STRIP = NO;
				DEBUG_INFORMATION_FORMAT = dwarf;
				ENABLE_STRICT_OBJC_MSGSEND = YES;
				ENABLE_TESTABILITY = YES;
				GCC_C_LANGUAGE_STANDARD = gnu11;
				GCC_DYNAMIC_NO_PIC = NO;
				GCC_NO_COMMON_BLOCKS = YES;
				GCC_OPTIMIZATION_LEVEL = 0;
				GCC_PREPROCESSOR_DEFINITIONS = (
					"DEBUG=1",
					"$(inherited)",
				);
				GCC_WARN_64_TO_32_BIT_CONVERSION = YES;
				GCC_WARN_ABOUT_RETURN_TYPE = YES_ERROR;
				GCC_WARN_UNDECLARED_SELECTOR = YES;
				GCC_WARN_UNINITIALIZED_AUTOS = YES_AGGRESSIVE;
				GCC_WARN_UNUSED_FUNCTION = YES;
				GCC_WARN_UNUSED_VARIABLE = YES;
				IPHONEOS_DEPLOYMENT_TARGET = 16.2;
				MTL_ENABLE_DEBUG_INFO = INCLUDE_SOURCE;
				MTL_FAST_MATH = YES;
				ONLY_ACTIVE_ARCH = YES;
				SDKROOT = iphoneos;
				SWIFT_ACTIVE_COMPILATION_CONDITIONS = DEBUG;
				SWIFT_OPTIMIZATION_LEVEL = "-Onone";
			};
			name = Debug;
		};
		ED0422DA2963074C001BC55C /* Release */ = {
			isa = XCBuildConfiguration;
			buildSettings = {
				ALWAYS_SEARCH_USER_PATHS = NO;
				CLANG_ANALYZER_NONNULL = YES;
				CLANG_ANALYZER_NUMBER_OBJECT_CONVERSION = YES_AGGRESSIVE;
				CLANG_CXX_LANGUAGE_STANDARD = "gnu++20";
				CLANG_ENABLE_MODULES = YES;
				CLANG_ENABLE_OBJC_ARC = YES;
				CLANG_ENABLE_OBJC_WEAK = YES;
				CLANG_WARN_BLOCK_CAPTURE_AUTORELEASING = YES;
				CLANG_WARN_BOOL_CONVERSION = YES;
				CLANG_WARN_COMMA = YES;
				CLANG_WARN_CONSTANT_CONVERSION = YES;
				CLANG_WARN_DEPRECATED_OBJC_IMPLEMENTATIONS = YES;
				CLANG_WARN_DIRECT_OBJC_ISA_USAGE = YES_ERROR;
				CLANG_WARN_DOCUMENTATION_COMMENTS = YES;
				CLANG_WARN_EMPTY_BODY = YES;
				CLANG_WARN_ENUM_CONVERSION = YES;
				CLANG_WARN_INFINITE_RECURSION = YES;
				CLANG_WARN_INT_CONVERSION = YES;
				CLANG_WARN_NON_LITERAL_NULL_CONVERSION = YES;
				CLANG_WARN_OBJC_IMPLICIT_RETAIN_SELF = YES;
				CLANG_WARN_OBJC_LITERAL_CONVERSION = YES;
				CLANG_WARN_OBJC_ROOT_CLASS = YES_ERROR;
				CLANG_WARN_QUOTED_INCLUDE_IN_FRAMEWORK_HEADER = YES;
				CLANG_WARN_RANGE_LOOP_ANALYSIS = YES;
				CLANG_WARN_STRICT_PROTOTYPES = YES;
				CLANG_WARN_SUSPICIOUS_MOVE = YES;
				CLANG_WARN_UNGUARDED_AVAILABILITY = YES_AGGRESSIVE;
				CLANG_WARN_UNREACHABLE_CODE = YES;
				CLANG_WARN__DUPLICATE_METHOD_MATCH = YES;
				COPY_PHASE_STRIP = NO;
				DEBUG_INFORMATION_FORMAT = "dwarf-with-dsym";
				ENABLE_NS_ASSERTIONS = NO;
				ENABLE_STRICT_OBJC_MSGSEND = YES;
				GCC_C_LANGUAGE_STANDARD = gnu11;
				GCC_NO_COMMON_BLOCKS = YES;
				GCC_WARN_64_TO_32_BIT_CONVERSION = YES;
				GCC_WARN_ABOUT_RETURN_TYPE = YES_ERROR;
				GCC_WARN_UNDECLARED_SELECTOR = YES;
				GCC_WARN_UNINITIALIZED_AUTOS = YES_AGGRESSIVE;
				GCC_WARN_UNUSED_FUNCTION = YES;
				GCC_WARN_UNUSED_VARIABLE = YES;
				IPHONEOS_DEPLOYMENT_TARGET = 16.2;
				MTL_ENABLE_DEBUG_INFO = NO;
				MTL_FAST_MATH = YES;
				SDKROOT = iphoneos;
				SWIFT_COMPILATION_MODE = wholemodule;
				SWIFT_OPTIMIZATION_LEVEL = "-O";
				VALIDATE_PRODUCT = YES;
			};
			name = Release;
		};
		ED0422DC2963074C001BC55C /* Debug */ = {
			isa = XCBuildConfiguration;
			buildSettings = {
				ASSETCATALOG_COMPILER_APPICON_NAME = AppIcon;
				ASSETCATALOG_COMPILER_GLOBAL_ACCENT_COLOR_NAME = AccentColor;
				CODE_SIGN_STYLE = Automatic;
				CURRENT_PROJECT_VERSION = 1;
				GENERATE_INFOPLIST_FILE = YES;
				INFOPLIST_FILE = LoginCustomizavel/Info.plist;
				INFOPLIST_KEY_UIApplicationSupportsIndirectInputEvents = YES;
				INFOPLIST_KEY_UILaunchStoryboardName = LaunchScreen;
				INFOPLIST_KEY_UIMainStoryboardFile = Main;
				INFOPLIST_KEY_UISupportedInterfaceOrientations_iPad = "UIInterfaceOrientationPortrait UIInterfaceOrientationPortraitUpsideDown UIInterfaceOrientationLandscapeLeft UIInterfaceOrientationLandscapeRight";
				INFOPLIST_KEY_UISupportedInterfaceOrientations_iPhone = "UIInterfaceOrientationPortrait UIInterfaceOrientationLandscapeLeft UIInterfaceOrientationLandscapeRight";
				LD_RUNPATH_SEARCH_PATHS = (
					"$(inherited)",
					"@executable_path/Frameworks",
				);
				MARKETING_VERSION = 1.0;
				PRODUCT_BUNDLE_IDENTIFIER = br.com.LoginCustomizavel;
				PRODUCT_NAME = "$(TARGET_NAME)";
				SWIFT_EMIT_LOC_STRINGS = YES;
				SWIFT_VERSION = 5.0;
				TARGETED_DEVICE_FAMILY = "1,2";
			};
			name = Debug;
		};
		ED0422DD2963074C001BC55C /* Release */ = {
			isa = XCBuildConfiguration;
			buildSettings = {
				ASSETCATALOG_COMPILER_APPICON_NAME = AppIcon;
				ASSETCATALOG_COMPILER_GLOBAL_ACCENT_COLOR_NAME = AccentColor;
				CODE_SIGN_STYLE = Automatic;
				CURRENT_PROJECT_VERSION = 1;
				GENERATE_INFOPLIST_FILE = YES;
				INFOPLIST_FILE = LoginCustomizavel/Info.plist;
				INFOPLIST_KEY_UIApplicationSupportsIndirectInputEvents = YES;
				INFOPLIST_KEY_UILaunchStoryboardName = LaunchScreen;
				INFOPLIST_KEY_UIMainStoryboardFile = Main;
				INFOPLIST_KEY_UISupportedInterfaceOrientations_iPad = "UIInterfaceOrientationPortrait UIInterfaceOrientationPortraitUpsideDown UIInterfaceOrientationLandscapeLeft UIInterfaceOrientationLandscapeRight";
				INFOPLIST_KEY_UISupportedInterfaceOrientations_iPhone = "UIInterfaceOrientationPortrait UIInterfaceOrientationLandscapeLeft UIInterfaceOrientationLandscapeRight";
				LD_RUNPATH_SEARCH_PATHS = (
					"$(inherited)",
					"@executable_path/Frameworks",
				);
				MARKETING_VERSION = 1.0;
				PRODUCT_BUNDLE_IDENTIFIER = br.com.LoginCustomizavel;
				PRODUCT_NAME = "$(TARGET_NAME)";
				SWIFT_EMIT_LOC_STRINGS = YES;
				SWIFT_VERSION = 5.0;
				TARGETED_DEVICE_FAMILY = "1,2";
			};
			name = Release;
		};
/* End XCBuildConfiguration section */

/* Begin XCConfigurationList section */
		ED0422C22963074B001BC55C /* Build configuration list for PBXProject "LoginCustomizavel" */ = {
			isa = XCConfigurationList;
			buildConfigurations = (
				ED0422D92963074C001BC55C /* Debug */,
				ED0422DA2963074C001BC55C /* Release */,
			);
			defaultConfigurationIsVisible = 0;
			defaultConfigurationName = Release;
		};
		ED0422DB2963074C001BC55C /* Build configuration list for PBXNativeTarget "LoginCustomizavel" */ = {
			isa = XCConfigurationList;
			buildConfigurations = (
				ED0422DC2963074C001BC55C /* Debug */,
				ED0422DD2963074C001BC55C /* Release */,
			);
			defaultConfigurationIsVisible = 0;
			defaultConfigurationName = Release;
		};
/* End XCConfigurationList section */
	};
	rootObject = ED0422BF2963074B001BC55C /* Project object */;
}
